// !$*UTF8*$!
{
	archiveVersion = 1;
	classes = {
	};
	objectVersion = 50;
	objects = {

/* Begin PBXBuildFile section */
		3D83B513234D22E300B8866B /* AppDelegate.swift in Sources */ = {isa = PBXBuildFile; fileRef = 3D83B512234D22E300B8866B /* AppDelegate.swift */; };
		3D83B515234D22E300B8866B /* ViewController.swift in Sources */ = {isa = PBXBuildFile; fileRef = 3D83B514234D22E300B8866B /* ViewController.swift */; };
		3D83B518234D22E300B8866B /* Main.storyboard in Resources */ = {isa = PBXBuildFile; fileRef = 3D83B516234D22E300B8866B /* Main.storyboard */; };
		3D83B51A234D22E600B8866B /* Assets.xcassets in Resources */ = {isa = PBXBuildFile; fileRef = 3D83B519234D22E600B8866B /* Assets.xcassets */; };
		3D83B51D234D22E600B8866B /* LaunchScreen.storyboard in Resources */ = {isa = PBXBuildFile; fileRef = 3D83B51B234D22E600B8866B /* LaunchScreen.storyboard */; };
		3D83B528234D22E600B8866B /* ProyectoSegundoParcialTests.swift in Sources */ = {isa = PBXBuildFile; fileRef = 3D83B527234D22E600B8866B /* ProyectoSegundoParcialTests.swift */; };
		3D83B533234D22E600B8866B /* ProyectoSegundoParcialUITests.swift in Sources */ = {isa = PBXBuildFile; fileRef = 3D83B532234D22E600B8866B /* ProyectoSegundoParcialUITests.swift */; };
		3D83B541234D311D00B8866B /* modeloAutomovil.swift in Sources */ = {isa = PBXBuildFile; fileRef = 3D83B540234D311D00B8866B /* modeloAutomovil.swift */; };
		3D83B544234D36D500B8866B /* cell_Automovil.swift in Sources */ = {isa = PBXBuildFile; fileRef = 3D83B543234D36D500B8866B /* cell_Automovil.swift */; };
/* End PBXBuildFile section */

/* Begin PBXContainerItemProxy section */
		3D83B524234D22E600B8866B /* PBXContainerItemProxy */ = {
			isa = PBXContainerItemProxy;
			containerPortal = 3D83B507234D22E200B8866B /* Project object */;
			proxyType = 1;
			remoteGlobalIDString = 3D83B50E234D22E300B8866B;
			remoteInfo = ProyectoSegundoParcial;
		};
		3D83B52F234D22E600B8866B /* PBXContainerItemProxy */ = {
			isa = PBXContainerItemProxy;
			containerPortal = 3D83B507234D22E200B8866B /* Project object */;
			proxyType = 1;
			remoteGlobalIDString = 3D83B50E234D22E300B8866B;
			remoteInfo = ProyectoSegundoParcial;
		};
/* End PBXContainerItemProxy section */

/* Begin PBXFileReference section */
		3D83B50F234D22E300B8866B /* ProyectoSegundoParcial.app */ = {isa = PBXFileReference; explicitFileType = wrapper.application; includeInIndex = 0; path = ProyectoSegundoParcial.app; sourceTree = BUILT_PRODUCTS_DIR; };
		3D83B512234D22E300B8866B /* AppDelegate.swift */ = {isa = PBXFileReference; lastKnownFileType = sourcecode.swift; path = AppDelegate.swift; sourceTree = "<group>"; };
		3D83B514234D22E300B8866B /* ViewController.swift */ = {isa = PBXFileReference; lastKnownFileType = sourcecode.swift; path = ViewController.swift; sourceTree = "<group>"; };
		3D83B517234D22E300B8866B /* Base */ = {isa = PBXFileReference; lastKnownFileType = file.storyboard; name = Base; path = Base.lproj/Main.storyboard; sourceTree = "<group>"; };
		3D83B519234D22E600B8866B /* Assets.xcassets */ = {isa = PBXFileReference; lastKnownFileType = folder.assetcatalog; path = Assets.xcassets; sourceTree = "<group>"; };
		3D83B51C234D22E600B8866B /* Base */ = {isa = PBXFileReference; lastKnownFileType = file.storyboard; name = Base; path = Base.lproj/LaunchScreen.storyboard; sourceTree = "<group>"; };
		3D83B51E234D22E600B8866B /* Info.plist */ = {isa = PBXFileReference; lastKnownFileType = text.plist.xml; path = Info.plist; sourceTree = "<group>"; };
		3D83B523234D22E600B8866B /* ProyectoSegundoParcialTests.xctest */ = {isa = PBXFileReference; explicitFileType = wrapper.cfbundle; includeInIndex = 0; path = ProyectoSegundoParcialTests.xctest; sourceTree = BUILT_PRODUCTS_DIR; };
		3D83B527234D22E600B8866B /* ProyectoSegundoParcialTests.swift */ = {isa = PBXFileReference; lastKnownFileType = sourcecode.swift; path = ProyectoSegundoParcialTests.swift; sourceTree = "<group>"; };
		3D83B529234D22E600B8866B /* Info.plist */ = {isa = PBXFileReference; lastKnownFileType = text.plist.xml; path = Info.plist; sourceTree = "<group>"; };
		3D83B52E234D22E600B8866B /* ProyectoSegundoParcialUITests.xctest */ = {isa = PBXFileReference; explicitFileType = wrapper.cfbundle; includeInIndex = 0; path = ProyectoSegundoParcialUITests.xctest; sourceTree = BUILT_PRODUCTS_DIR; };
		3D83B532234D22E600B8866B /* ProyectoSegundoParcialUITests.swift */ = {isa = PBXFileReference; lastKnownFileType = sourcecode.swift; path = ProyectoSegundoParcialUITests.swift; sourceTree = "<group>"; };
		3D83B534234D22E600B8866B /* Info.plist */ = {isa = PBXFileReference; lastKnownFileType = text.plist.xml; path = Info.plist; sourceTree = "<group>"; };
		3D83B540234D311D00B8866B /* modeloAutomovil.swift */ = {isa = PBXFileReference; lastKnownFileType = sourcecode.swift; path = modeloAutomovil.swift; sourceTree = "<group>"; };
		3D83B543234D36D500B8866B /* cell_Automovil.swift */ = {isa = PBXFileReference; lastKnownFileType = sourcecode.swift; path = cell_Automovil.swift; sourceTree = "<group>"; };
/* End PBXFileReference section */

/* Begin PBXFrameworksBuildPhase section */
		3D83B50C234D22E300B8866B /* Frameworks */ = {
			isa = PBXFrameworksBuildPhase;
			buildActionMask = 2147483647;
			files = (
			);
			runOnlyForDeploymentPostprocessing = 0;
		};
		3D83B520234D22E600B8866B /* Frameworks */ = {
			isa = PBXFrameworksBuildPhase;
			buildActionMask = 2147483647;
			files = (
			);
			runOnlyForDeploymentPostprocessing = 0;
		};
		3D83B52B234D22E600B8866B /* Frameworks */ = {
			isa = PBXFrameworksBuildPhase;
			buildActionMask = 2147483647;
			files = (
			);
			runOnlyForDeploymentPostprocessing = 0;
		};
/* End PBXFrameworksBuildPhase section */

/* Begin PBXGroup section */
		3D83B506234D22E200B8866B = {
			isa = PBXGroup;
			children = (
				3D83B511234D22E300B8866B /* ProyectoSegundoParcial */,
				3D83B526234D22E600B8866B /* ProyectoSegundoParcialTests */,
				3D83B531234D22E600B8866B /* ProyectoSegundoParcialUITests */,
				3D83B510234D22E300B8866B /* Products */,
			);
			sourceTree = "<group>";
		};
		3D83B510234D22E300B8866B /* Products */ = {
			isa = PBXGroup;
			children = (
				3D83B50F234D22E300B8866B /* ProyectoSegundoParcial.app */,
				3D83B523234D22E600B8866B /* ProyectoSegundoParcialTests.xctest */,
				3D83B52E234D22E600B8866B /* ProyectoSegundoParcialUITests.xctest */,
			);
			name = Products;
			sourceTree = "<group>";
		};
		3D83B511234D22E300B8866B /* ProyectoSegundoParcial */ = {
			isa = PBXGroup;
			children = (
				3D83B512234D22E300B8866B /* AppDelegate.swift */,
				3D83B514234D22E300B8866B /* ViewController.swift */,
				3D83B516234D22E300B8866B /* Main.storyboard */,
				3D83B519234D22E600B8866B /* Assets.xcassets */,
				3D83B51B234D22E600B8866B /* LaunchScreen.storyboard */,
				3D83B51E234D22E600B8866B /* Info.plist */,
				3D83B540234D311D00B8866B /* modeloAutomovil.swift */,
				3D83B543234D36D500B8866B /* cell_Automovil.swift */,
			);
			path = ProyectoSegundoParcial;
			sourceTree = "<group>";
		};
		3D83B526234D22E600B8866B /* ProyectoSegundoParcialTests */ = {
			isa = PBXGroup;
			children = (
				3D83B527234D22E600B8866B /* ProyectoSegundoParcialTests.swift */,
				3D83B529234D22E600B8866B /* Info.plist */,
			);
			path = ProyectoSegundoParcialTests;
			sourceTree = "<group>";
		};
		3D83B531234D22E600B8866B /* ProyectoSegundoParcialUITests */ = {
			isa = PBXGroup;
			children = (
				3D83B532234D22E600B8866B /* ProyectoSegundoParcialUITests.swift */,
				3D83B534234D22E600B8866B /* Info.plist */,
			);
			path = ProyectoSegundoParcialUITests;
			sourceTree = "<group>";
		};
/* End PBXGroup section */

/* Begin PBXNativeTarget section */
		3D83B50E234D22E300B8866B /* ProyectoSegundoParcial */ = {
			isa = PBXNativeTarget;
			buildConfigurationList = 3D83B537234D22E600B8866B /* Build configuration list for PBXNativeTarget "ProyectoSegundoParcial" */;
			buildPhases = (
				3D83B50B234D22E300B8866B /* Sources */,
				3D83B50C234D22E300B8866B /* Frameworks */,
				3D83B50D234D22E300B8866B /* Resources */,
			);
			buildRules = (
			);
			dependencies = (
			);
			name = ProyectoSegundoParcial;
			productName = ProyectoSegundoParcial;
			productReference = 3D83B50F234D22E300B8866B /* ProyectoSegundoParcial.app */;
			productType = "com.apple.product-type.application";
		};
		3D83B522234D22E600B8866B /* ProyectoSegundoParcialTests */ = {
			isa = PBXNativeTarget;
			buildConfigurationList = 3D83B53A234D22E600B8866B /* Build configuration list for PBXNativeTarget "ProyectoSegundoParcialTests" */;
			buildPhases = (
				3D83B51F234D22E600B8866B /* Sources */,
				3D83B520234D22E600B8866B /* Frameworks */,
				3D83B521234D22E600B8866B /* Resources */,
			);
			buildRules = (
			);
			dependencies = (
				3D83B525234D22E600B8866B /* PBXTargetDependency */,
			);
			name = ProyectoSegundoParcialTests;
			productName = ProyectoSegundoParcialTests;
			productReference = 3D83B523234D22E600B8866B /* ProyectoSegundoParcialTests.xctest */;
			productType = "com.apple.product-type.bundle.unit-test";
		};
		3D83B52D234D22E600B8866B /* ProyectoSegundoParcialUITests */ = {
			isa = PBXNativeTarget;
			buildConfigurationList = 3D83B53D234D22E600B8866B /* Build configuration list for PBXNativeTarget "ProyectoSegundoParcialUITests" */;
			buildPhases = (
				3D83B52A234D22E600B8866B /* Sources */,
				3D83B52B234D22E600B8866B /* Frameworks */,
				3D83B52C234D22E600B8866B /* Resources */,
			);
			buildRules = (
			);
			dependencies = (
				3D83B530234D22E600B8866B /* PBXTargetDependency */,
			);
			name = ProyectoSegundoParcialUITests;
			productName = ProyectoSegundoParcialUITests;
			productReference = 3D83B52E234D22E600B8866B /* ProyectoSegundoParcialUITests.xctest */;
			productType = "com.apple.product-type.bundle.ui-testing";
		};
/* End PBXNativeTarget section */

/* Begin PBXProject section */
		3D83B507234D22E200B8866B /* Project object */ = {
			isa = PBXProject;
			attributes = {
				LastSwiftUpdateCheck = 1030;
				LastUpgradeCheck = 1030;
				ORGANIZATIONNAME = ulsa;
				TargetAttributes = {
					3D83B50E234D22E300B8866B = {
						CreatedOnToolsVersion = 10.3;
					};
					3D83B522234D22E600B8866B = {
						CreatedOnToolsVersion = 10.3;
						TestTargetID = 3D83B50E234D22E300B8866B;
					};
					3D83B52D234D22E600B8866B = {
						CreatedOnToolsVersion = 10.3;
						TestTargetID = 3D83B50E234D22E300B8866B;
					};
				};
			};
			buildConfigurationList = 3D83B50A234D22E200B8866B /* Build configuration list for PBXProject "ProyectoSegundoParcial" */;
			compatibilityVersion = "Xcode 9.3";
			developmentRegion = en;
			hasScannedForEncodings = 0;
			knownRegions = (
				en,
				Base,
			);
			mainGroup = 3D83B506234D22E200B8866B;
			productRefGroup = 3D83B510234D22E300B8866B /* Products */;
			projectDirPath = "";
			projectRoot = "";
			targets = (
				3D83B50E234D22E300B8866B /* ProyectoSegundoParcial */,
				3D83B522234D22E600B8866B /* ProyectoSegundoParcialTests */,
				3D83B52D234D22E600B8866B /* ProyectoSegundoParcialUITests */,
			);
		};
/* End PBXProject section */

/* Begin PBXResourcesBuildPhase section */
		3D83B50D234D22E300B8866B /* Resources */ = {
			isa = PBXResourcesBuildPhase;
			buildActionMask = 2147483647;
			files = (
				3D83B51D234D22E600B8866B /* LaunchScreen.storyboard in Resources */,
				3D83B51A234D22E600B8866B /* Assets.xcassets in Resources */,
				3D83B518234D22E300B8866B /* Main.storyboard in Resources */,
			);
			runOnlyForDeploymentPostprocessing = 0;
		};
		3D83B521234D22E600B8866B /* Resources */ = {
			isa = PBXResourcesBuildPhase;
			buildActionMask = 2147483647;
			files = (
			);
			runOnlyForDeploymentPostprocessing = 0;
		};
		3D83B52C234D22E600B8866B /* Resources */ = {
			isa = PBXResourcesBuildPhase;
			buildActionMask = 2147483647;
			files = (
			);
			runOnlyForDeploymentPostprocessing = 0;
		};
/* End PBXResourcesBuildPhase section */

/* Begin PBXSourcesBuildPhase section */
		3D83B50B234D22E300B8866B /* Sources */ = {
			isa = PBXSourcesBuildPhase;
			buildActionMask = 2147483647;
			files = (
				3D83B515234D22E300B8866B /* ViewController.swift in Sources */,
				3D83B541234D311D00B8866B /* modeloAutomovil.swift in Sources */,
				3D83B544234D36D500B8866B /* cell_Automovil.swift in Sources */,
				3D83B513234D22E300B8866B /* AppDelegate.swift in Sources */,
			);
			runOnlyForDeploymentPostprocessing = 0;
		};
		3D83B51F234D22E600B8866B /* Sources */ = {
			isa = PBXSourcesBuildPhase;
			buildActionMask = 2147483647;
			files = (
				3D83B528234D22E600B8866B /* ProyectoSegundoParcialTests.swift in Sources */,
			);
			runOnlyForDeploymentPostprocessing = 0;
		};
		3D83B52A234D22E600B8866B /* Sources */ = {
			isa = PBXSourcesBuildPhase;
			buildActionMask = 2147483647;
			files = (
				3D83B533234D22E600B8866B /* ProyectoSegundoParcialUITests.swift in Sources */,
			);
			runOnlyForDeploymentPostprocessing = 0;
		};
/* End PBXSourcesBuildPhase section */

/* Begin PBXTargetDependency section */
		3D83B525234D22E600B8866B /* PBXTargetDependency */ = {
			isa = PBXTargetDependency;
			target = 3D83B50E234D22E300B8866B /* ProyectoSegundoParcial */;
			targetProxy = 3D83B524234D22E600B8866B /* PBXContainerItemProxy */;
		};
		3D83B530234D22E600B8866B /* PBXTargetDependency */ = {
			isa = PBXTargetDependency;
			target = 3D83B50E234D22E300B8866B /* ProyectoSegundoParcial */;
			targetProxy = 3D83B52F234D22E600B8866B /* PBXContainerItemProxy */;
		};
/* End PBXTargetDependency section */

/* Begin PBXVariantGroup section */
		3D83B516234D22E300B8866B /* Main.storyboard */ = {
			isa = PBXVariantGroup;
			children = (
				3D83B517234D22E300B8866B /* Base */,
			);
			name = Main.storyboard;
			sourceTree = "<group>";
		};
		3D83B51B234D22E600B8866B /* LaunchScreen.storyboard */ = {
			isa = PBXVariantGroup;
			children = (
				3D83B51C234D22E600B8866B /* Base */,
			);
			name = LaunchScreen.storyboard;
			sourceTree = "<group>";
		};
/* End PBXVariantGroup section */

/* Begin XCBuildConfiguration section */
		3D83B535234D22E600B8866B /* Debug */ = {
			isa = XCBuildConfiguration;
			buildSettings = {
				ALWAYS_SEARCH_USER_PATHS = NO;
				CLANG_ANALYZER_NONNULL = YES;
				CLANG_ANALYZER_NUMBER_OBJECT_CONVERSION = YES_AGGRESSIVE;
				CLANG_CXX_LANGUAGE_STANDARD = "gnu++14";
				CLANG_CXX_LIBRARY = "libc++";
				CLANG_ENABLE_MODULES = YES;
				CLANG_ENABLE_OBJC_ARC = YES;
				CLANG_ENABLE_OBJC_WEAK = YES;
				CLANG_WARN_BLOCK_CAPTURE_AUTORELEASING = YES;
				CLANG_WARN_BOOL_CONVERSION = YES;
				CLANG_WARN_COMMA = YES;
				CLANG_WARN_CONSTANT_CONVERSION = YES;
				CLANG_WARN_DEPRECATED_OBJC_IMPLEMENTATIONS = YES;
				CLANG_WARN_DIRECT_OBJC_ISA_USAGE = YES_ERROR;
				CLANG_WARN_DOCUMENTATION_COMMENTS = YES;
				CLANG_WARN_EMPTY_BODY = YES;
				CLANG_WARN_ENUM_CONVERSION = YES;
				CLANG_WARN_INFINITE_RECURSION = YES;
				CLANG_WARN_INT_CONVERSION = YES;
				CLANG_WARN_NON_LITERAL_NULL_CONVERSION = YES;
				CLANG_WARN_OBJC_IMPLICIT_RETAIN_SELF = YES;
				CLANG_WARN_OBJC_LITERAL_CONVERSION = YES;
				CLANG_WARN_OBJC_ROOT_CLASS = YES_ERROR;
				CLANG_WARN_RANGE_LOOP_ANALYSIS = YES;
				CLANG_WARN_STRICT_PROTOTYPES = YES;
				CLANG_WARN_SUSPICIOUS_MOVE = YES;
				CLANG_WARN_UNGUARDED_AVAILABILITY = YES_AGGRESSIVE;
				CLANG_WARN_UNREACHABLE_CODE = YES;
				CLANG_WARN__DUPLICATE_METHOD_MATCH = YES;
				CODE_SIGN_IDENTITY = "iPhone Developer";
				COPY_PHASE_STRIP = NO;
				DEBUG_INFORMATION_FORMAT = dwarf;
				ENABLE_STRICT_OBJC_MSGSEND = YES;
				ENABLE_TESTABILITY = YES;
				GCC_C_LANGUAGE_STANDARD = gnu11;
				GCC_DYNAMIC_NO_PIC = NO;
				GCC_NO_COMMON_BLOCKS = YES;
				GCC_OPTIMIZATION_LEVEL = 0;
				GCC_PREPROCESSOR_DEFINITIONS = (
					"DEBUG=1",
					"$(inherited)",
				);
				GCC_WARN_64_TO_32_BIT_CONVERSION = YES;
				GCC_WARN_ABOUT_RETURN_TYPE = YES_ERROR;
				GCC_WARN_UNDECLARED_SELECTOR = YES;
				GCC_WARN_UNINITIALIZED_AUTOS = YES_AGGRESSIVE;
				GCC_WARN_UNUSED_FUNCTION = YES;
				GCC_WARN_UNUSED_VARIABLE = YES;
				IPHONEOS_DEPLOYMENT_TARGET = 12.4;
				MTL_ENABLE_DEBUG_INFO = INCLUDE_SOURCE;
				MTL_FAST_MATH = YES;
				ONLY_ACTIVE_ARCH = YES;
				SDKROOT = iphoneos;
				SWIFT_ACTIVE_COMPILATION_CONDITIONS = DEBUG;
				SWIFT_OPTIMIZATION_LEVEL = "-Onone";
			};
			name = Debug;
		};
		3D83B536234D22E600B8866B /* Release */ = {
			isa = XCBuildConfiguration;
			buildSettings = {
				ALWAYS_SEARCH_USER_PATHS = NO;
				CLANG_ANALYZER_NONNULL = YES;
				CLANG_ANALYZER_NUMBER_OBJECT_CONVERSION = YES_AGGRESSIVE;
				CLANG_CXX_LANGUAGE_STANDARD = "gnu++14";
				CLANG_CXX_LIBRARY = "libc++";
				CLANG_ENABLE_MODULES = YES;
				CLANG_ENABLE_OBJC_ARC = YES;
				CLANG_ENABLE_OBJC_WEAK = YES;
				CLANG_WARN_BLOCK_CAPTURE_AUTORELEASING = YES;
				CLANG_WARN_BOOL_CONVERSION = YES;
				CLANG_WARN_COMMA = YES;
				CLANG_WARN_CONSTANT_CONVERSION = YES;
				CLANG_WARN_DEPRECATED_OBJC_IMPLEMENTATIONS = YES;
				CLANG_WARN_DIRECT_OBJC_ISA_USAGE = YES_ERROR;
				CLANG_WARN_DOCUMENTATION_COMMENTS = YES;
				CLANG_WARN_EMPTY_BODY = YES;
				CLANG_WARN_ENUM_CONVERSION = YES;
				CLANG_WARN_INFINITE_RECURSION = YES;
				CLANG_WARN_INT_CONVERSION = YES;
				CLANG_WARN_NON_LITERAL_NULL_CONVERSION = YES;
				CLANG_WARN_OBJC_IMPLICIT_RETAIN_SELF = YES;
				CLANG_WARN_OBJC_LITERAL_CONVERSION = YES;
				CLANG_WARN_OBJC_ROOT_CLASS = YES_ERROR;
				CLANG_WARN_RANGE_LOOP_ANALYSIS = YES;
				CLANG_WARN_STRICT_PROTOTYPES = YES;
				CLANG_WARN_SUSPICIOUS_MOVE = YES;
				CLANG_WARN_UNGUARDED_AVAILABILITY = YES_AGGRESSIVE;
				CLANG_WARN_UNREACHABLE_CODE = YES;
				CLANG_WARN__DUPLICATE_METHOD_MATCH = YES;
				CODE_SIGN_IDENTITY = "iPhone Developer";
				COPY_PHASE_STRIP = NO;
				DEBUG_INFORMATION_FORMAT = "dwarf-with-dsym";
				ENABLE_NS_ASSERTIONS = NO;
				ENABLE_STRICT_OBJC_MSGSEND = YES;
				GCC_C_LANGUAGE_STANDARD = gnu11;
				GCC_NO_COMMON_BLOCKS = YES;
				GCC_WARN_64_TO_32_BIT_CONVERSION = YES;
				GCC_WARN_ABOUT_RETURN_TYPE = YES_ERROR;
				GCC_WARN_UNDECLARED_SELECTOR = YES;
				GCC_WARN_UNINITIALIZED_AUTOS = YES_AGGRESSIVE;
				GCC_WARN_UNUSED_FUNCTION = YES;
				GCC_WARN_UNUSED_VARIABLE = YES;
				IPHONEOS_DEPLOYMENT_TARGET = 12.4;
				MTL_ENABLE_DEBUG_INFO = NO;
				MTL_FAST_MATH = YES;
				SDKROOT = iphoneos;
				SWIFT_COMPILATION_MODE = wholemodule;
				SWIFT_OPTIMIZATION_LEVEL = "-O";
				VALIDATE_PRODUCT = YES;
			};
			name = Release;
		};
		3D83B538234D22E600B8866B /* Debug */ = {
			isa = XCBuildConfiguration;
			buildSettings = {
				ASSETCATALOG_COMPILER_APPICON_NAME = AppIcon;
				CODE_SIGN_STYLE = Automatic;
				INFOPLIST_FILE = ProyectoSegundoParcial/Info.plist;
				LD_RUNPATH_SEARCH_PATHS = (
					"$(inherited)",
					"@executable_path/Frameworks",
				);
				PRODUCT_BUNDLE_IDENTIFIER = edu.ulsa.ProyectoSegundoParcial;
				PRODUCT_NAME = "$(TARGET_NAME)";
				SWIFT_VERSION = 5.0;
				TARGETED_DEVICE_FAMILY = "1,2";
			};
			name = Debug;
		};
		3D83B539234D22E600B8866B /* Release */ = {
			isa = XCBuildConfiguration;
			buildSettings = {
				ASSETCATALOG_COMPILER_APPICON_NAME = AppIcon;
				CODE_SIGN_STYLE = Automatic;
				INFOPLIST_FILE = ProyectoSegundoParcial/Info.plist;
				LD_RUNPATH_SEARCH_PATHS = (
					"$(inherited)",
					"@executable_path/Frameworks",
				);
				PRODUCT_BUNDLE_IDENTIFIER = edu.ulsa.ProyectoSegundoParcial;
				PRODUCT_NAME = "$(TARGET_NAME)";
				SWIFT_VERSION = 5.0;
				TARGETED_DEVICE_FAMILY = "1,2";
			};
			name = Release;
		};
		3D83B53B234D22E600B8866B /* Debug */ = {
			isa = XCBuildConfiguration;
			buildSettings = {
				ALWAYS_EMBED_SWIFT_STANDARD_LIBRARIES = YES;
				BUNDLE_LOADER = "$(TEST_HOST)";
				CODE_SIGN_STYLE = Automatic;
				INFOPLIST_FILE = ProyectoSegundoParcialTests/Info.plist;
				LD_RUNPATH_SEARCH_PATHS = (
					"$(inherited)",
					"@executable_path/Frameworks",
					"@loader_path/Frameworks",
				);
				PRODUCT_BUNDLE_IDENTIFIER = edu.ulsa.ProyectoSegundoParcialTests;
				PRODUCT_NAME = "$(TARGET_NAME)";
				SWIFT_VERSION = 5.0;
				TARGETED_DEVICE_FAMILY = "1,2";
				TEST_HOST = "$(BUILT_PRODUCTS_DIR)/ProyectoSegundoParcial.app/ProyectoSegundoParcial";
			};
			name = Debug;
		};
		3D83B53C234D22E600B8866B /* Release */ = {
			isa = XCBuildConfiguration;
			buildSettings = {
				ALWAYS_EMBED_SWIFT_STANDARD_LIBRARIES = YES;
				BUNDLE_LOADER = "$(TEST_HOST)";
				CODE_SIGN_STYLE = Automatic;
				INFOPLIST_FILE = ProyectoSegundoParcialTests/Info.plist;
				LD_RUNPATH_SEARCH_PATHS = (
					"$(inherited)",
					"@executable_path/Frameworks",
					"@loader_path/Frameworks",
				);
				PRODUCT_BUNDLE_IDENTIFIER = edu.ulsa.ProyectoSegundoParcialTests;
				PRODUCT_NAME = "$(TARGET_NAME)";
				SWIFT_VERSION = 5.0;
				TARGETED_DEVICE_FAMILY = "1,2";
				TEST_HOST = "$(BUILT_PRODUCTS_DIR)/ProyectoSegundoParcial.app/ProyectoSegundoParcial";
			};
			name = Release;
		};
		3D83B53E234D22E600B8866B /* Debug */ = {
			isa = XCBuildConfiguration;
			buildSettings = {
				ALWAYS_EMBED_SWIFT_STANDARD_LIBRARIES = YES;
				CODE_SIGN_STYLE = Automatic;
				INFOPLIST_FILE = ProyectoSegundoParcialUITests/Info.plist;
				LD_RUNPATH_SEARCH_PATHS = (
					"$(inherited)",
					"@executable_path/Frameworks",
					"@loader_path/Frameworks",
				);
				PRODUCT_BUNDLE_IDENTIFIER = edu.ulsa.ProyectoSegundoParcialUITests;
				PRODUCT_NAME = "$(TARGET_NAME)";
				SWIFT_VERSION = 5.0;
				TARGETED_DEVICE_FAMILY = "1,2";
				TEST_TARGET_NAME = ProyectoSegundoParcial;
			};
			name = Debug;
		};
		3D83B53F234D22E600B8866B /* Release */ = {
			isa = XCBuildConfiguration;
			buildSettings = {
				ALWAYS_EMBED_SWIFT_STANDARD_LIBRARIES = YES;
				CODE_SIGN_STYLE = Automatic;
				INFOPLIST_FILE = ProyectoSegundoParcialUITests/Info.plist;
				LD_RUNPATH_SEARCH_PATHS = (
					"$(inherited)",
					"@executable_path/Frameworks",
					"@loader_path/Frameworks",
				);
				PRODUCT_BUNDLE_IDENTIFIER = edu.ulsa.ProyectoSegundoParcialUITests;
				PRODUCT_NAME = "$(TARGET_NAME)";
				SWIFT_VERSION = 5.0;
				TARGETED_DEVICE_FAMILY = "1,2";
				TEST_TARGET_NAME = ProyectoSegundoParcial;
			};
			name = Release;
		};
/* End XCBuildConfiguration section */

/* Begin XCConfigurationList section */
		3D83B50A234D22E200B8866B /* Build configuration list for PBXProject "ProyectoSegundoParcial" */ = {
			isa = XCConfigurationList;
			buildConfigurations = (
				3D83B535234D22E600B8866B /* Debug */,
				3D83B536234D22E600B8866B /* Release */,
			);
			defaultConfigurationIsVisible = 0;
			defaultConfigurationName = Release;
		};
		3D83B537234D22E600B8866B /* Build configuration list for PBXNativeTarget "ProyectoSegundoParcial" */ = {
			isa = XCConfigurationList;
			buildConfigurations = (
				3D83B538234D22E600B8866B /* Debug */,
				3D83B539234D22E600B8866B /* Release */,
			);
			defaultConfigurationIsVisible = 0;
			defaultConfigurationName = Release;
		};
		3D83B53A234D22E600B8866B /* Build configuration list for PBXNativeTarget "ProyectoSegundoParcialTests" */ = {
			isa = XCConfigurationList;
			buildConfigurations = (
				3D83B53B234D22E600B8866B /* Debug */,
				3D83B53C234D22E600B8866B /* Release */,
			);
			defaultConfigurationIsVisible = 0;
			defaultConfigurationName = Release;
		};
		3D83B53D234D22E600B8866B /* Build configuration list for PBXNativeTarget "ProyectoSegundoParcialUITests" */ = {
			isa = XCConfigurationList;
			buildConfigurations = (
				3D83B53E234D22E600B8866B /* Debug */,
				3D83B53F234D22E600B8866B /* Release */,
			);
			defaultConfigurationIsVisible = 0;
			defaultConfigurationName = Release;
		};
/* End XCConfigurationList section */
	};
	rootObject = 3D83B507234D22E200B8866B /* Project object */;
}
